
Microsoft Visual Studio Solution File, Format Version 12.00
# Visual Studio 14
VisualStudioVersion = 14.0.25420.1
MinimumVisualStudioVersion = 10.0.40219.1
Project("{FAE04EC0-301F-11D3-BF4B-00C04F79EFBC}") = "CWC.MVC", "CWC.MVC\CWC.MVC.csproj", "{58728512-9416-4E76-8430-9F22BAF602D1}"
EndProject
Project("{FAE04EC0-301F-11D3-BF4B-00C04F79EFBC}") = "CWC.Domain", "CWC.Domain\CWC.Domain.csproj", "{2CC102F2-0209-4A56-BBAB-68AC435AE1D1}"
EndProject
Project("{FAE04EC0-301F-11D3-BF4B-00C04F79EFBC}") = "CWC.Data", "CWC.Data\CWC.Data.csproj", "{75CC688A-606D-41A3-9F2F-430D2B862EB9}"
EndProject
Project("{FAE04EC0-301F-11D3-BF4B-00C04F79EFBC}") = "CWC.Services", "CWC.Services\CWC.Services.csproj", "{31735561-F9E6-4C5F-976B-29385A39044B}"
EndProject
Project("{FAE04EC0-301F-11D3-BF4B-00C04F79EFBC}") = "CWC.ServicePattern", "CWC.ServicePattern\CWC.ServicePattern.csproj", "{DC4BDB6F-5B2F-4059-B184-D013B60096C6}"
EndProject
Global
	GlobalSection(SolutionConfigurationPlatforms) = preSolution
		Debug|Any CPU = Debug|Any CPU
		Release|Any CPU = Release|Any CPU
	EndGlobalSection
	GlobalSection(ProjectConfigurationPlatforms) = postSolution
		{58728512-9416-4E76-8430-9F22BAF602D1}.Debug|Any CPU.ActiveCfg = Debug|Any CPU
		{58728512-9416-4E76-8430-9F22BAF602D1}.Debug|Any CPU.Build.0 = Debug|Any CPU
		{58728512-9416-4E76-8430-9F22BAF602D1}.Release|Any CPU.ActiveCfg = Release|Any CPU
		{58728512-9416-4E76-8430-9F22BAF602D1}.Release|Any CPU.Build.0 = Release|Any CPU
		{2CC102F2-0209-4A56-BBAB-68AC435AE1D1}.Debug|Any CPU.ActiveCfg = Debug|Any CPU
		{2CC102F2-0209-4A56-BBAB-68AC435AE1D1}.Debug|Any CPU.Build.0 = Debug|Any CPU
		{2CC102F2-0209-4A56-BBAB-68AC435AE1D1}.Release|Any CPU.ActiveCfg = Release|Any CPU
		{2CC102F2-0209-4A56-BBAB-68AC435AE1D1}.Release|Any CPU.Build.0 = Release|Any CPU
		{75CC688A-606D-41A3-9F2F-430D2B862EB9}.Debug|Any CPU.ActiveCfg = Debug|Any CPU
		{75CC688A-606D-41A3-9F2F-430D2B862EB9}.Debug|Any CPU.Build.0 = Debug|Any CPU
		{75CC688A-606D-41A3-9F2F-430D2B862EB9}.Release|Any CPU.ActiveCfg = Release|Any CPU
		{75CC688A-606D-41A3-9F2F-430D2B862EB9}.Release|Any CPU.Build.0 = Release|Any CPU
		{31735561-F9E6-4C5F-976B-29385A39044B}.Debug|Any CPU.ActiveCfg = Debug|Any CPU
		{31735561-F9E6-4C5F-976B-29385A39044B}.Debug|Any CPU.Build.0 = Debug|Any CPU
		{31735561-F9E6-4C5F-976B-29385A39044B}.Release|Any CPU.ActiveCfg = Release|Any CPU
		{31735561-F9E6-4C5F-976B-29385A39044B}.Release|Any CPU.Build.0 = Release|Any CPU
		{DC4BDB6F-5B2F-4059-B184-D013B60096C6}.Debug|Any CPU.ActiveCfg = Debug|Any CPU
		{DC4BDB6F-5B2F-4059-B184-D013B60096C6}.Debug|Any CPU.Build.0 = Debug|Any CPU
		{DC4BDB6F-5B2F-4059-B184-D013B60096C6}.Release|Any CPU.ActiveCfg = Release|Any CPU
		{DC4BDB6F-5B2F-4059-B184-D013B60096C6}.Release|Any CPU.Build.0 = Release|Any CPU
	EndGlobalSection
	GlobalSection(SolutionProperties) = preSolution
		HideSolutionNode = FALSE
	EndGlobalSection
EndGlobal
